
Microsoft Visual Studio Solution File, Format Version 12.00
# Visual Studio Version 17
VisualStudioVersion = 17.9.34607.119
MinimumVisualStudioVersion = 10.0.40219.1
Project("{FAE04EC0-301F-11D3-BF4B-00C04F79EFBC}") = "PersonalForm", "PersonalForm\PersonalForm.csproj", "{D68CDD6E-8928-4171-85DC-E6A045161022}"
EndProject
Global
	GlobalSection(SolutionConfigurationPlatforms) = preSolution
		Debug|Any CPU = Debug|Any CPU
		Release|Any CPU = Release|Any CPU
	EndGlobalSection
	GlobalSection(ProjectConfigurationPlatforms) = postSolution
		{D68CDD6E-8928-4171-85DC-E6A045161022}.Debug|Any CPU.ActiveCfg = Debug|Any CPU
		{D68CDD6E-8928-4171-85DC-E6A045161022}.Debug|Any CPU.Build.0 = Debug|Any CPU
		{D68CDD6E-8928-4171-85DC-E6A045161022}.Release|Any CPU.ActiveCfg = Release|Any CPU
		{D68CDD6E-8928-4171-85DC-E6A045161022}.Release|Any CPU.Build.0 = Release|Any CPU
	EndGlobalSection
	GlobalSection(SolutionProperties) = preSolution
		HideSolutionNode = FALSE
	EndGlobalSection
	GlobalSection(ExtensibilityGlobals) = postSolution
		SolutionGuid = {4087DE26-DAB1-4F11-BA19-36B723FE3054}
	EndGlobalSection
EndGlobal
